
Microsoft Visual Studio Solution File, Format Version 12.00
# Visual Studio 15
VisualStudioVersion = 15.0.27428.2002
MinimumVisualStudioVersion = 10.0.40219.1
Project("{8BC9CEB8-8B4A-11D0-8D11-00A0C91BC942}") = "LearningOpenGL", "LearningOpenGL\LearningOpenGL.vcxproj", "{3EFD5C54-4BC3-4842-892E-F9A4B12E4AB8}"
EndProject
Global
	GlobalSection(SolutionConfigurationPlatforms) = preSolution
		Debug|x64 = Debug|x64
		Debug|x86 = Debug|x86
		Release|x64 = Release|x64
		Release|x86 = Release|x86
	EndGlobalSection
	GlobalSection(ProjectConfigurationPlatforms) = postSolution
		{3EFD5C54-4BC3-4842-892E-F9A4B12E4AB8}.Debug|x64.ActiveCfg = Debug|x64
		{3EFD5C54-4BC3-4842-892E-F9A4B12E4AB8}.Debug|x64.Build.0 = Debug|x64
		{3EFD5C54-4BC3-4842-892E-F9A4B12E4AB8}.Debug|x86.ActiveCfg = Debug|Win32
		{3EFD5C54-4BC3-4842-892E-F9A4B12E4AB8}.Debug|x86.Build.0 = Debug|Win32
		{3EFD5C54-4BC3-4842-892E-F9A4B12E4AB8}.Release|x64.ActiveCfg = Release|x64
		{3EFD5C54-4BC3-4842-892E-F9A4B12E4AB8}.Release|x64.Build.0 = Release|x64
		{3EFD5C54-4BC3-4842-892E-F9A4B12E4AB8}.Release|x86.ActiveCfg = Release|Win32
		{3EFD5C54-4BC3-4842-892E-F9A4B12E4AB8}.Release|x86.Build.0 = Release|Win32
	EndGlobalSection
	GlobalSection(SolutionProperties) = preSolution
		HideSolutionNode = FALSE
	EndGlobalSection
	GlobalSection(ExtensibilityGlobals) = postSolution
		SolutionGuid = {9C73A336-C59B-4A69-8487-D3F2A05CCF4E}
	EndGlobalSection
EndGlobal
